
Microsoft Visual Studio Solution File, Format Version 12.00
# Visual Studio 15
VisualStudioVersion = 15.0.27703.2042
MinimumVisualStudioVersion = 10.0.40219.1
Project("{FAE04EC0-301F-11D3-BF4B-00C04F79EFBC}") = "WebCrawler", "WebCrawler\WebCrawler.csproj", "{340D3C90-0A80-40F4-8761-E6DDE1444BDF}"
EndProject
Global
	GlobalSection(SolutionConfigurationPlatforms) = preSolution
		Debug|Any CPU = Debug|Any CPU
		Release|Any CPU = Release|Any CPU
	EndGlobalSection
	GlobalSection(ProjectConfigurationPlatforms) = postSolution
		{340D3C90-0A80-40F4-8761-E6DDE1444BDF}.Debug|Any CPU.ActiveCfg = Debug|Any CPU
		{340D3C90-0A80-40F4-8761-E6DDE1444BDF}.Debug|Any CPU.Build.0 = Debug|Any CPU
		{340D3C90-0A80-40F4-8761-E6DDE1444BDF}.Release|Any CPU.ActiveCfg = Release|Any CPU
		{340D3C90-0A80-40F4-8761-E6DDE1444BDF}.Release|Any CPU.Build.0 = Release|Any CPU
	EndGlobalSection
	GlobalSection(SolutionProperties) = preSolution
		HideSolutionNode = FALSE
	EndGlobalSection
	GlobalSection(ExtensibilityGlobals) = postSolution
		SolutionGuid = {A7A63DDC-D4F4-429C-BF92-8AC584A1C715}
	EndGlobalSection
EndGlobal
